# This file is automatically @generated by Cargo.
# It is not intended for manual editing.
version = 4

[[package]]
name = "course-cli"
version = "0.1.0"
dependencies = [
 "course-core",
 "course-service",
 "course-store-memory",
]

[[package]]
name = "course-core"
version = "0.1.0"

[[package]]
name = "course-index"
version = "0.1.0"
dependencies = [
 "course-core",
]

[[package]]
name = "course-service"
version = "0.1.0"
dependencies = [
 "course-core",
 "course-index",
]

[[package]]
name = "course-store-memory"
version = "0.1.0"
dependencies = [
 "course-core",
]
